
Microsoft Visual Studio Solution File, Format Version 12.00
# Visual Studio 15
VisualStudioVersion = 15.0.28307.168
MinimumVisualStudioVersion = 10.0.40219.1
Project("{FAE04EC0-301F-11D3-BF4B-00C04F79EFBC}") = "ExelReaderUI", "ExelReaderUI\ExelReaderUI.csproj", "{1D68C54F-E3F6-4641-AB8F-87624DD66F86}"
EndProject
Project("{FAE04EC0-301F-11D3-BF4B-00C04F79EFBC}") = "ExelReader.Transformer", "ExelReader.Transformer\ExelReader.Transformer.csproj", "{58A67B3C-B5A9-4652-B299-8CBE0B5F2ADB}"
EndProject
Project("{00D1A9C2-B5F0-4AF3-8072-F6C62B433612}") = "ExelReader.DB", "ExelReader.DB\ExelReader.DB.sqlproj", "{1C159793-5C20-4F03-A2BB-D92AA788BE55}"
EndProject
Global
	GlobalSection(SolutionConfigurationPlatforms) = preSolution
		Debug|Any CPU = Debug|Any CPU
		Release|Any CPU = Release|Any CPU
	EndGlobalSection
	GlobalSection(ProjectConfigurationPlatforms) = postSolution
		{1D68C54F-E3F6-4641-AB8F-87624DD66F86}.Debug|Any CPU.ActiveCfg = Debug|Any CPU
		{1D68C54F-E3F6-4641-AB8F-87624DD66F86}.Debug|Any CPU.Build.0 = Debug|Any CPU
		{1D68C54F-E3F6-4641-AB8F-87624DD66F86}.Release|Any CPU.ActiveCfg = Release|Any CPU
		{1D68C54F-E3F6-4641-AB8F-87624DD66F86}.Release|Any CPU.Build.0 = Release|Any CPU
		{58A67B3C-B5A9-4652-B299-8CBE0B5F2ADB}.Debug|Any CPU.ActiveCfg = Debug|Any CPU
		{58A67B3C-B5A9-4652-B299-8CBE0B5F2ADB}.Debug|Any CPU.Build.0 = Debug|Any CPU
		{58A67B3C-B5A9-4652-B299-8CBE0B5F2ADB}.Release|Any CPU.ActiveCfg = Release|Any CPU
		{58A67B3C-B5A9-4652-B299-8CBE0B5F2ADB}.Release|Any CPU.Build.0 = Release|Any CPU
		{1C159793-5C20-4F03-A2BB-D92AA788BE55}.Debug|Any CPU.ActiveCfg = Debug|Any CPU
		{1C159793-5C20-4F03-A2BB-D92AA788BE55}.Debug|Any CPU.Build.0 = Debug|Any CPU
		{1C159793-5C20-4F03-A2BB-D92AA788BE55}.Debug|Any CPU.Deploy.0 = Debug|Any CPU
		{1C159793-5C20-4F03-A2BB-D92AA788BE55}.Release|Any CPU.ActiveCfg = Release|Any CPU
		{1C159793-5C20-4F03-A2BB-D92AA788BE55}.Release|Any CPU.Build.0 = Release|Any CPU
		{1C159793-5C20-4F03-A2BB-D92AA788BE55}.Release|Any CPU.Deploy.0 = Release|Any CPU
	EndGlobalSection
	GlobalSection(SolutionProperties) = preSolution
		HideSolutionNode = FALSE
	EndGlobalSection
	GlobalSection(ExtensibilityGlobals) = postSolution
		SolutionGuid = {3F85342C-1B9A-431B-AF92-9718A47E6E30}
	EndGlobalSection
EndGlobal
